
Microsoft Visual Studio Solution File, Format Version 12.00
# Visual Studio Version 16
VisualStudioVersion = 16.0.30225.117
MinimumVisualStudioVersion = 10.0.40219.1
Project("{FAE04EC0-301F-11D3-BF4B-00C04F79EFBC}") = "IMGSharp", "IMGSharp\IMGSharp.csproj", "{20BBCD6E-8870-438C-A83F-74341EF75117}"
EndProject
Project("{FAE04EC0-301F-11D3-BF4B-00C04F79EFBC}") = "IMGSharpUnitTest", "IMGSharpUnitTest\IMGSharpUnitTest.csproj", "{852CF8C1-3EE7-4373-8645-EF817926D8ED}"
EndProject
Global
	GlobalSection(SolutionConfigurationPlatforms) = preSolution
		Debug|Any CPU = Debug|Any CPU
		Release|Any CPU = Release|Any CPU
	EndGlobalSection
	GlobalSection(ProjectConfigurationPlatforms) = postSolution
		{20BBCD6E-8870-438C-A83F-74341EF75117}.Debug|Any CPU.ActiveCfg = Debug|Any CPU
		{20BBCD6E-8870-438C-A83F-74341EF75117}.Debug|Any CPU.Build.0 = Debug|Any CPU
		{20BBCD6E-8870-438C-A83F-74341EF75117}.Release|Any CPU.ActiveCfg = Release|Any CPU
		{20BBCD6E-8870-438C-A83F-74341EF75117}.Release|Any CPU.Build.0 = Release|Any CPU
		{852CF8C1-3EE7-4373-8645-EF817926D8ED}.Debug|Any CPU.ActiveCfg = Debug|Any CPU
		{852CF8C1-3EE7-4373-8645-EF817926D8ED}.Debug|Any CPU.Build.0 = Debug|Any CPU
		{852CF8C1-3EE7-4373-8645-EF817926D8ED}.Release|Any CPU.ActiveCfg = Release|Any CPU
		{852CF8C1-3EE7-4373-8645-EF817926D8ED}.Release|Any CPU.Build.0 = Release|Any CPU
	EndGlobalSection
	GlobalSection(SolutionProperties) = preSolution
		HideSolutionNode = FALSE
	EndGlobalSection
	GlobalSection(ExtensibilityGlobals) = postSolution
		SolutionGuid = {E84DD69F-CBDF-48A6-BC81-3E3FA8CAC1FF}
	EndGlobalSection
EndGlobal
